// !$*UTF8*$!
{
	archiveVersion = 1;
	classes = {
	};
	objectVersion = 50;
	objects = {

/* Begin PBXBuildFile section */
		4C2732AC217600C600343FF4 /* HomeViewController.swift in Sources */ = {isa = PBXBuildFile; fileRef = 4C2732AB217600C600343FF4 /* HomeViewController.swift */; };
		4CFED30A21427EBB00BC9003 /* AppDelegate.swift in Sources */ = {isa = PBXBuildFile; fileRef = 4CFED30921427EBB00BC9003 /* AppDelegate.swift */; };
		4CFED30C21427EBB00BC9003 /* ViewController.swift in Sources */ = {isa = PBXBuildFile; fileRef = 4CFED30B21427EBB00BC9003 /* ViewController.swift */; };
		4CFED30F21427EBB00BC9003 /* Main.storyboard in Resources */ = {isa = PBXBuildFile; fileRef = 4CFED30D21427EBB00BC9003 /* Main.storyboard */; };
		4CFED31121427EBD00BC9003 /* Assets.xcassets in Resources */ = {isa = PBXBuildFile; fileRef = 4CFED31021427EBD00BC9003 /* Assets.xcassets */; };
		4CFED31421427EBD00BC9003 /* LaunchScreen.storyboard in Resources */ = {isa = PBXBuildFile; fileRef = 4CFED31221427EBD00BC9003 /* LaunchScreen.storyboard */; };
		C8B7889F1C5D2033BF650AF9 /* Pods_FacebookIntegrationPractice.framework in Frameworks */ = {isa = PBXBuildFile; fileRef = A975D167B2E2BFF9DEF3868A /* Pods_FacebookIntegrationPractice.framework */; };
/* End PBXBuildFile section */

/* Begin PBXFileReference section */
		4C2732AB217600C600343FF4 /* HomeViewController.swift */ = {isa = PBXFileReference; lastKnownFileType = sourcecode.swift; path = HomeViewController.swift; sourceTree = "<group>"; };
		4CFED30621427EBB00BC9003 /* FacebookIntegrationPractice.app */ = {isa = PBXFileReference; explicitFileType = wrapper.application; includeInIndex = 0; path = FacebookIntegrationPractice.app; sourceTree = BUILT_PRODUCTS_DIR; };
		4CFED30921427EBB00BC9003 /* AppDelegate.swift */ = {isa = PBXFileReference; lastKnownFileType = sourcecode.swift; path = AppDelegate.swift; sourceTree = "<group>"; };
		4CFED30B21427EBB00BC9003 /* ViewController.swift */ = {isa = PBXFileReference; lastKnownFileType = sourcecode.swift; path = ViewController.swift; sourceTree = "<group>"; };
		4CFED30E21427EBB00BC9003 /* Base */ = {isa = PBXFileReference; lastKnownFileType = file.storyboard; name = Base; path = Base.lproj/Main.storyboard; sourceTree = "<group>"; };
		4CFED31021427EBD00BC9003 /* Assets.xcassets */ = {isa = PBXFileReference; lastKnownFileType = folder.assetcatalog; path = Assets.xcassets; sourceTree = "<group>"; };
		4CFED31321427EBD00BC9003 /* Base */ = {isa = PBXFileReference; lastKnownFileType = file.storyboard; name = Base; path = Base.lproj/LaunchScreen.storyboard; sourceTree = "<group>"; };
		4CFED31521427EBD00BC9003 /* Info.plist */ = {isa = PBXFileReference; lastKnownFileType = text.plist.xml; path = Info.plist; sourceTree = "<group>"; };
		70F6857A6C3AD34DBAD59DF3 /* Pods-FacebookIntegrationPractice.release.xcconfig */ = {isa = PBXFileReference; includeInIndex = 1; lastKnownFileType = text.xcconfig; name = "Pods-FacebookIntegrationPractice.release.xcconfig"; path = "Pods/Target Support Files/Pods-FacebookIntegrationPractice/Pods-FacebookIntegrationPractice.release.xcconfig"; sourceTree = "<group>"; };
		A975D167B2E2BFF9DEF3868A /* Pods_FacebookIntegrationPractice.framework */ = {isa = PBXFileReference; explicitFileType = wrapper.framework; includeInIndex = 0; path = Pods_FacebookIntegrationPractice.framework; sourceTree = BUILT_PRODUCTS_DIR; };
		B646C452F05975469EC6E31C /* Pods-FacebookIntegrationPractice.debug.xcconfig */ = {isa = PBXFileReference; includeInIndex = 1; lastKnownFileType = text.xcconfig; name = "Pods-FacebookIntegrationPractice.debug.xcconfig"; path = "Pods/Target Support Files/Pods-FacebookIntegrationPractice/Pods-FacebookIntegrationPractice.debug.xcconfig"; sourceTree = "<group>"; };
/* End PBXFileReference section */

/* Begin PBXFrameworksBuildPhase section */
		4CFED30321427EBB00BC9003 /* Frameworks */ = {
			isa = PBXFrameworksBuildPhase;
			buildActionMask = 2147483647;
			files = (
				C8B7889F1C5D2033BF650AF9 /* Pods_FacebookIntegrationPractice.framework in Frameworks */,
			);
			runOnlyForDeploymentPostprocessing = 0;
		};
/* End PBXFrameworksBuildPhase section */

/* Begin PBXGroup section */
		09906D26F2361B95C7CA1991 /* Pods */ = {
			isa = PBXGroup;
			children = (
				B646C452F05975469EC6E31C /* Pods-FacebookIntegrationPractice.debug.xcconfig */,
				70F6857A6C3AD34DBAD59DF3 /* Pods-FacebookIntegrationPractice.release.xcconfig */,
			);
			name = Pods;
			sourceTree = "<group>";
		};
		4CFED2FD21427EBB00BC9003 = {
			isa = PBXGroup;
			children = (
				4CFED30821427EBB00BC9003 /* FacebookIntegrationPractice */,
				4CFED30721427EBB00BC9003 /* Products */,
				09906D26F2361B95C7CA1991 /* Pods */,
				FEBF291464DC1EB10294ED97 /* Frameworks */,
			);
			sourceTree = "<group>";
		};
		4CFED30721427EBB00BC9003 /* Products */ = {
			isa = PBXGroup;
			children = (
				4CFED30621427EBB00BC9003 /* FacebookIntegrationPractice.app */,
			);
			name = Products;
			sourceTree = "<group>";
		};
		4CFED30821427EBB00BC9003 /* FacebookIntegrationPractice */ = {
			isa = PBXGroup;
			children = (
				4CFED30921427EBB00BC9003 /* AppDelegate.swift */,
				4CFED30B21427EBB00BC9003 /* ViewController.swift */,
				4C2732AB217600C600343FF4 /* HomeViewController.swift */,
				4CFED30D21427EBB00BC9003 /* Main.storyboard */,
				4CFED31021427EBD00BC9003 /* Assets.xcassets */,
				4CFED31221427EBD00BC9003 /* LaunchScreen.storyboard */,
				4CFED31521427EBD00BC9003 /* Info.plist */,
			);
			path = FacebookIntegrationPractice;
			sourceTree = "<group>";
		};
		FEBF291464DC1EB10294ED97 /* Frameworks */ = {
			isa = PBXGroup;
			children = (
				A975D167B2E2BFF9DEF3868A /* Pods_FacebookIntegrationPractice.framework */,
			);
			name = Frameworks;
			sourceTree = "<group>";
		};
/* End PBXGroup section */

/* Begin PBXNativeTarget section */
		4CFED30521427EBB00BC9003 /* FacebookIntegrationPractice */ = {
			isa = PBXNativeTarget;
			buildConfigurationList = 4CFED31821427EBD00BC9003 /* Build configuration list for PBXNativeTarget "FacebookIntegrationPractice" */;
			buildPhases = (
				13632E16D7CB231D2FDF1F0F /* [CP] Check Pods Manifest.lock */,
				4CFED30221427EBB00BC9003 /* Sources */,
				4CFED30321427EBB00BC9003 /* Frameworks */,
				4CFED30421427EBB00BC9003 /* Resources */,
				FCA839994D0C7308437821D0 /* [CP] Embed Pods Frameworks */,
			);
			buildRules = (
			);
			dependencies = (
			);
			name = FacebookIntegrationPractice;
			productName = FacebookIntegrationPractice;
			productReference = 4CFED30621427EBB00BC9003 /* FacebookIntegrationPractice.app */;
			productType = "com.apple.product-type.application";
		};
/* End PBXNativeTarget section */

/* Begin PBXProject section */
		4CFED2FE21427EBB00BC9003 /* Project object */ = {
			isa = PBXProject;
			attributes = {
				LastSwiftUpdateCheck = 0940;
				LastUpgradeCheck = 0940;
				ORGANIZATIONNAME = vamshi;
				TargetAttributes = {
					4CFED30521427EBB00BC9003 = {
						CreatedOnToolsVersion = 9.4.1;
					};
				};
			};
			buildConfigurationList = 4CFED30121427EBB00BC9003 /* Build configuration list for PBXProject "FacebookIntegrationPractice" */;
			compatibilityVersion = "Xcode 9.3";
			developmentRegion = en;
			hasScannedForEncodings = 0;
			knownRegions = (
				en,
				Base,
			);
			mainGroup = 4CFED2FD21427EBB00BC9003;
			productRefGroup = 4CFED30721427EBB00BC9003 /* Products */;
			projectDirPath = "";
			projectRoot = "";
			targets = (
				4CFED30521427EBB00BC9003 /* FacebookIntegrationPractice */,
			);
		};
/* End PBXProject section */

/* Begin PBXResourcesBuildPhase section */
		4CFED30421427EBB00BC9003 /* Resources */ = {
			isa = PBXResourcesBuildPhase;
			buildActionMask = 2147483647;
			files = (
				4CFED31421427EBD00BC9003 /* LaunchScreen.storyboard in Resources */,
				4CFED31121427EBD00BC9003 /* Assets.xcassets in Resources */,
				4CFED30F21427EBB00BC9003 /* Main.storyboard in Resources */,
			);
			runOnlyForDeploymentPostprocessing = 0;
		};
/* End PBXResourcesBuildPhase section */

/* Begin PBXShellScriptBuildPhase section */
		13632E16D7CB231D2FDF1F0F /* [CP] Check Pods Manifest.lock */ = {
			isa = PBXShellScriptBuildPhase;
			buildActionMask = 2147483647;
			files = (
			);
			inputPaths = (
				"${PODS_PODFILE_DIR_PATH}/Podfile.lock",
				"${PODS_ROOT}/Manifest.lock",
			);
			name = "[CP] Check Pods Manifest.lock";
			outputPaths = (
				"$(DERIVED_FILE_DIR)/Pods-FacebookIntegrationPractice-checkManifestLockResult.txt",
			);
			runOnlyForDeploymentPostprocessing = 0;
			shellPath = /bin/sh;
			shellScript = "diff \"${PODS_PODFILE_DIR_PATH}/Podfile.lock\" \"${PODS_ROOT}/Manifest.lock\" > /dev/null\nif [ $? != 0 ] ; then\n    # print error to STDERR\n    echo \"error: The sandbox is not in sync with the Podfile.lock. Run 'pod install' or update your CocoaPods installation.\" >&2\n    exit 1\nfi\n# This output is used by Xcode 'outputs' to avoid re-running this script phase.\necho \"SUCCESS\" > \"${SCRIPT_OUTPUT_FILE_0}\"\n";
			showEnvVarsInLog = 0;
		};
		FCA839994D0C7308437821D0 /* [CP] Embed Pods Frameworks */ = {
			isa = PBXShellScriptBuildPhase;
			buildActionMask = 2147483647;
			files = (
			);
			inputPaths = (
				"${SRCROOT}/Pods/Target Support Files/Pods-FacebookIntegrationPractice/Pods-FacebookIntegrationPractice-frameworks.sh",
				"${BUILT_PRODUCTS_DIR}/Bolts/Bolts.framework",
				"${BUILT_PRODUCTS_DIR}/FBSDKCoreKit/FBSDKCoreKit.framework",
				"${BUILT_PRODUCTS_DIR}/FBSDKLoginKit/FBSDKLoginKit.framework",
				"${BUILT_PRODUCTS_DIR}/FacebookCore/FacebookCore.framework",
				"${BUILT_PRODUCTS_DIR}/FacebookLogin/FacebookLogin.framework",
			);
			name = "[CP] Embed Pods Frameworks";
			outputPaths = (
				"${TARGET_BUILD_DIR}/${FRAMEWORKS_FOLDER_PATH}/Bolts.framework",
				"${TARGET_BUILD_DIR}/${FRAMEWORKS_FOLDER_PATH}/FBSDKCoreKit.framework",
				"${TARGET_BUILD_DIR}/${FRAMEWORKS_FOLDER_PATH}/FBSDKLoginKit.framework",
				"${TARGET_BUILD_DIR}/${FRAMEWORKS_FOLDER_PATH}/FacebookCore.framework",
				"${TARGET_BUILD_DIR}/${FRAMEWORKS_FOLDER_PATH}/FacebookLogin.framework",
			);
			runOnlyForDeploymentPostprocessing = 0;
			shellPath = /bin/sh;
			shellScript = "\"${SRCROOT}/Pods/Target Support Files/Pods-FacebookIntegrationPractice/Pods-FacebookIntegrationPractice-frameworks.sh\"\n";
			showEnvVarsInLog = 0;
		};
/* End PBXShellScriptBuildPhase section */

/* Begin PBXSourcesBuildPhase section */
		4CFED30221427EBB00BC9003 /* Sources */ = {
			isa = PBXSourcesBuildPhase;
			buildActionMask = 2147483647;
			files = (
				4CFED30C21427EBB00BC9003 /* ViewController.swift in Sources */,
				4CFED30A21427EBB00BC9003 /* AppDelegate.swift in Sources */,
				4C2732AC217600C600343FF4 /* HomeViewController.swift in Sources */,
			);
			runOnlyForDeploymentPostprocessing = 0;
		};
/* End PBXSourcesBuildPhase section */

/* Begin PBXVariantGroup section */
		4CFED30D21427EBB00BC9003 /* Main.storyboard */ = {
			isa = PBXVariantGroup;
			children = (
				4CFED30E21427EBB00BC9003 /* Base */,
			);
			name = Main.storyboard;
			sourceTree = "<group>";
		};
		4CFED31221427EBD00BC9003 /* LaunchScreen.storyboard */ = {
			isa = PBXVariantGroup;
			children = (
				4CFED31321427EBD00BC9003 /* Base */,
			);
			name = LaunchScreen.storyboard;
			sourceTree = "<group>";
		};
/* End PBXVariantGroup section */

/* Begin XCBuildConfiguration section */
		4CFED31621427EBD00BC9003 /* Debug */ = {
			isa = XCBuildConfiguration;
			buildSettings = {
				ALWAYS_SEARCH_USER_PATHS = NO;
				CLANG_ANALYZER_NONNULL = YES;
				CLANG_ANALYZER_NUMBER_OBJECT_CONVERSION = YES_AGGRESSIVE;
				CLANG_CXX_LANGUAGE_STANDARD = "gnu++14";
				CLANG_CXX_LIBRARY = "libc++";
				CLANG_ENABLE_MODULES = YES;
				CLANG_ENABLE_OBJC_ARC = YES;
				CLANG_ENABLE_OBJC_WEAK = YES;
				CLANG_WARN_BLOCK_CAPTURE_AUTORELEASING = YES;
				CLANG_WARN_BOOL_CONVERSION = YES;
				CLANG_WARN_COMMA = YES;
				CLANG_WARN_CONSTANT_CONVERSION = YES;
				CLANG_WARN_DEPRECATED_OBJC_IMPLEMENTATIONS = YES;
				CLANG_WARN_DIRECT_OBJC_ISA_USAGE = YES_ERROR;
				CLANG_WARN_DOCUMENTATION_COMMENTS = YES;
				CLANG_WARN_EMPTY_BODY = YES;
				CLANG_WARN_ENUM_CONVERSION = YES;
				CLANG_WARN_INFINITE_RECURSION = YES;
				CLANG_WARN_INT_CONVERSION = YES;
				CLANG_WARN_NON_LITERAL_NULL_CONVERSION = YES;
				CLANG_WARN_OBJC_IMPLICIT_RETAIN_SELF = YES;
				CLANG_WARN_OBJC_LITERAL_CONVERSION = YES;
				CLANG_WARN_OBJC_ROOT_CLASS = YES_ERROR;
				CLANG_WARN_RANGE_LOOP_ANALYSIS = YES;
				CLANG_WARN_STRICT_PROTOTYPES = YES;
				CLANG_WARN_SUSPICIOUS_MOVE = YES;
				CLANG_WARN_UNGUARDED_AVAILABILITY = YES_AGGRESSIVE;
				CLANG_WARN_UNREACHABLE_CODE = YES;
				CLANG_WARN__DUPLICATE_METHOD_MATCH = YES;
				CODE_SIGN_IDENTITY = "iPhone Developer";
				COPY_PHASE_STRIP = NO;
				DEBUG_INFORMATION_FORMAT = dwarf;
				ENABLE_STRICT_OBJC_MSGSEND = YES;
				ENABLE_TESTABILITY = YES;
				GCC_C_LANGUAGE_STANDARD = gnu11;
				GCC_DYNAMIC_NO_PIC = NO;
				GCC_NO_COMMON_BLOCKS = YES;
				GCC_OPTIMIZATION_LEVEL = 0;
				GCC_PREPROCESSOR_DEFINITIONS = (
					"DEBUG=1",
					"$(inherited)",
				);
				GCC_WARN_64_TO_32_BIT_CONVERSION = YES;
				GCC_WARN_ABOUT_RETURN_TYPE = YES_ERROR;
				GCC_WARN_UNDECLARED_SELECTOR = YES;
				GCC_WARN_UNINITIALIZED_AUTOS = YES_AGGRESSIVE;
				GCC_WARN_UNUSED_FUNCTION = YES;
				GCC_WARN_UNUSED_VARIABLE = YES;
				IPHONEOS_DEPLOYMENT_TARGET = 11.4;
				MTL_ENABLE_DEBUG_INFO = YES;
				ONLY_ACTIVE_ARCH = YES;
				SDKROOT = iphoneos;
				SWIFT_ACTIVE_COMPILATION_CONDITIONS = DEBUG;
				SWIFT_OPTIMIZATION_LEVEL = "-Onone";
			};
			name = Debug;
		};
		4CFED31721427EBD00BC9003 /* Release */ = {
			isa = XCBuildConfiguration;
			buildSettings = {
				ALWAYS_SEARCH_USER_PATHS = NO;
				CLANG_ANALYZER_NONNULL = YES;
				CLANG_ANALYZER_NUMBER_OBJECT_CONVERSION = YES_AGGRESSIVE;
				CLANG_CXX_LANGUAGE_STANDARD = "gnu++14";
				CLANG_CXX_LIBRARY = "libc++";
				CLANG_ENABLE_MODULES = YES;
				CLANG_ENABLE_OBJC_ARC = YES;
				CLANG_ENABLE_OBJC_WEAK = YES;
				CLANG_WARN_BLOCK_CAPTURE_AUTORELEASING = YES;
				CLANG_WARN_BOOL_CONVERSION = YES;
				CLANG_WARN_COMMA = YES;
				CLANG_WARN_CONSTANT_CONVERSION = YES;
				CLANG_WARN_DEPRECATED_OBJC_IMPLEMENTATIONS = YES;
				CLANG_WARN_DIRECT_OBJC_ISA_USAGE = YES_ERROR;
				CLANG_WARN_DOCUMENTATION_COMMENTS = YES;
				CLANG_WARN_EMPTY_BODY = YES;
				CLANG_WARN_ENUM_CONVERSION = YES;
				CLANG_WARN_INFINITE_RECURSION = YES;
				CLANG_WARN_INT_CONVERSION = YES;
				CLANG_WARN_NON_LITERAL_NULL_CONVERSION = YES;
				CLANG_WARN_OBJC_IMPLICIT_RETAIN_SELF = YES;
				CLANG_WARN_OBJC_LITERAL_CONVERSION = YES;
				CLANG_WARN_OBJC_ROOT_CLASS = YES_ERROR;
				CLANG_WARN_RANGE_LOOP_ANALYSIS = YES;
				CLANG_WARN_STRICT_PROTOTYPES = YES;
				CLANG_WARN_SUSPICIOUS_MOVE = YES;
				CLANG_WARN_UNGUARDED_AVAILABILITY = YES_AGGRESSIVE;
				CLANG_WARN_UNREACHABLE_CODE = YES;
				CLANG_WARN__DUPLICATE_METHOD_MATCH = YES;
				CODE_SIGN_IDENTITY = "iPhone Developer";
				COPY_PHASE_STRIP = NO;
				DEBUG_INFORMATION_FORMAT = "dwarf-with-dsym";
				ENABLE_NS_ASSERTIONS = NO;
				ENABLE_STRICT_OBJC_MSGSEND = YES;
				GCC_C_LANGUAGE_STANDARD = gnu11;
				GCC_NO_COMMON_BLOCKS = YES;
				GCC_WARN_64_TO_32_BIT_CONVERSION = YES;
				GCC_WARN_ABOUT_RETURN_TYPE = YES_ERROR;
				GCC_WARN_UNDECLARED_SELECTOR = YES;
				GCC_WARN_UNINITIALIZED_AUTOS = YES_AGGRESSIVE;
				GCC_WARN_UNUSED_FUNCTION = YES;
				GCC_WARN_UNUSED_VARIABLE = YES;
				IPHONEOS_DEPLOYMENT_TARGET = 11.4;
				MTL_ENABLE_DEBUG_INFO = NO;
				SDKROOT = iphoneos;
				SWIFT_COMPILATION_MODE = wholemodule;
				SWIFT_OPTIMIZATION_LEVEL = "-O";
				VALIDATE_PRODUCT = YES;
			};
			name = Release;
		};
		4CFED31921427EBD00BC9003 /* Debug */ = {
			isa = XCBuildConfiguration;
			baseConfigurationReference = B646C452F05975469EC6E31C /* Pods-FacebookIntegrationPractice.debug.xcconfig */;
			buildSettings = {
				ASSETCATALOG_COMPILER_APPICON_NAME = AppIcon;
				CODE_SIGN_STYLE = Automatic;
				INFOPLIST_FILE = FacebookIntegrationPractice/Info.plist;
				LD_RUNPATH_SEARCH_PATHS = (
					"$(inherited)",
					"@executable_path/Frameworks",
				);
				PRODUCT_BUNDLE_IDENTIFIER = com.momo.cademuseum.FacebookIntegrationPractice;
				PRODUCT_NAME = "$(TARGET_NAME)";
				SWIFT_VERSION = 4.0;
				TARGETED_DEVICE_FAMILY = "1,2";
			};
			name = Debug;
		};
		4CFED31A21427EBD00BC9003 /* Release */ = {
			isa = XCBuildConfiguration;
			baseConfigurationReference = 70F6857A6C3AD34DBAD59DF3 /* Pods-FacebookIntegrationPractice.release.xcconfig */;
			buildSettings = {
				ASSETCATALOG_COMPILER_APPICON_NAME = AppIcon;
				CODE_SIGN_STYLE = Automatic;
				INFOPLIST_FILE = FacebookIntegrationPractice/Info.plist;
				LD_RUNPATH_SEARCH_PATHS = (
					"$(inherited)",
					"@executable_path/Frameworks",
				);
				PRODUCT_BUNDLE_IDENTIFIER = com.momo.cademuseum.FacebookIntegrationPractice;
				PRODUCT_NAME = "$(TARGET_NAME)";
				SWIFT_VERSION = 4.0;
				TARGETED_DEVICE_FAMILY = "1,2";
			};
			name = Release;
		};
/* End XCBuildConfiguration section */

/* Begin XCConfigurationList section */
		4CFED30121427EBB00BC9003 /* Build configuration list for PBXProject "FacebookIntegrationPractice" */ = {
			isa = XCConfigurationList;
			buildConfigurations = (
				4CFED31621427EBD00BC9003 /* Debug */,
				4CFED31721427EBD00BC9003 /* Release */,
			);
			defaultConfigurationIsVisible = 0;
			defaultConfigurationName = Release;
		};
		4CFED31821427EBD00BC9003 /* Build configuration list for PBXNativeTarget "FacebookIntegrationPractice" */ = {
			isa = XCConfigurationList;
			buildConfigurations = (
				4CFED31921427EBD00BC9003 /* Debug */,
				4CFED31A21427EBD00BC9003 /* Release */,
			);
			defaultConfigurationIsVisible = 0;
			defaultConfigurationName = Release;
		};
/* End XCConfigurationList section */
	};
	rootObject = 4CFED2FE21427EBB00BC9003 /* Project object */;
}
